
Microsoft Visual Studio Solution File, Format Version 12.00
# Visual Studio Version 17
VisualStudioVersion = 17.9.34728.123
MinimumVisualStudioVersion = 10.0.40219.1
Project("{FAE04EC0-301F-11D3-BF4B-00C04F79EFBC}") = "recuperatorio 1", "recuperatorio 1.csproj", "{D7F9FE41-30F8-4B6D-ADD0-764F89A1FB89}"
EndProject
Project("{FAE04EC0-301F-11D3-BF4B-00C04F79EFBC}") = "actividad_2", "..\actividad_2\actividad_2.csproj", "{69906903-ED44-44FE-93B2-5C5C0A80D9C5}"
EndProject
Global
	GlobalSection(SolutionConfigurationPlatforms) = preSolution
		Debug|Any CPU = Debug|Any CPU
		Release|Any CPU = Release|Any CPU
	EndGlobalSection
	GlobalSection(ProjectConfigurationPlatforms) = postSolution
		{D7F9FE41-30F8-4B6D-ADD0-764F89A1FB89}.Debug|Any CPU.ActiveCfg = Debug|Any CPU
		{D7F9FE41-30F8-4B6D-ADD0-764F89A1FB89}.Debug|Any CPU.Build.0 = Debug|Any CPU
		{D7F9FE41-30F8-4B6D-ADD0-764F89A1FB89}.Release|Any CPU.ActiveCfg = Release|Any CPU
		{D7F9FE41-30F8-4B6D-ADD0-764F89A1FB89}.Release|Any CPU.Build.0 = Release|Any CPU
		{69906903-ED44-44FE-93B2-5C5C0A80D9C5}.Debug|Any CPU.ActiveCfg = Debug|Any CPU
		{69906903-ED44-44FE-93B2-5C5C0A80D9C5}.Debug|Any CPU.Build.0 = Debug|Any CPU
		{69906903-ED44-44FE-93B2-5C5C0A80D9C5}.Release|Any CPU.ActiveCfg = Release|Any CPU
		{69906903-ED44-44FE-93B2-5C5C0A80D9C5}.Release|Any CPU.Build.0 = Release|Any CPU
	EndGlobalSection
	GlobalSection(SolutionProperties) = preSolution
		HideSolutionNode = FALSE
	EndGlobalSection
	GlobalSection(ExtensibilityGlobals) = postSolution
		SolutionGuid = {44CBC872-492E-4295-92B8-3ECEB053BAF3}
	EndGlobalSection
EndGlobal
