
Microsoft Visual Studio Solution File, Format Version 12.00
# Visual Studio Version 17
VisualStudioVersion = 17.9.34701.34
MinimumVisualStudioVersion = 10.0.40219.1
Project("{FAE04EC0-301F-11D3-BF4B-00C04F79EFBC}") = "stikiman", "stikiman.csproj", "{EF730AE8-4EA2-4B61-A731-6A5C7EFDDF72}"
EndProject
Global
	GlobalSection(SolutionConfigurationPlatforms) = preSolution
		Debug|Any CPU = Debug|Any CPU
		Release|Any CPU = Release|Any CPU
	EndGlobalSection
	GlobalSection(ProjectConfigurationPlatforms) = postSolution
		{EF730AE8-4EA2-4B61-A731-6A5C7EFDDF72}.Debug|Any CPU.ActiveCfg = Debug|Any CPU
		{EF730AE8-4EA2-4B61-A731-6A5C7EFDDF72}.Debug|Any CPU.Build.0 = Debug|Any CPU
		{EF730AE8-4EA2-4B61-A731-6A5C7EFDDF72}.Release|Any CPU.ActiveCfg = Release|Any CPU
		{EF730AE8-4EA2-4B61-A731-6A5C7EFDDF72}.Release|Any CPU.Build.0 = Release|Any CPU
	EndGlobalSection
	GlobalSection(SolutionProperties) = preSolution
		HideSolutionNode = FALSE
	EndGlobalSection
	GlobalSection(ExtensibilityGlobals) = postSolution
		SolutionGuid = {0911EE33-B841-457E-B02B-6C809CE76395}
	EndGlobalSection
EndGlobal
